
Microsoft Visual Studio Solution File, Format Version 12.00
Project("{FAE04EC0-301F-11D3-BF4B-00C04F79EFBC}") = "Domain", "Domain\Domain.csproj", "{44F84AC0-52F3-411D-A321-68362A0B2D0F}"
EndProject
Project("{FAE04EC0-301F-11D3-BF4B-00C04F79EFBC}") = "Application", "Application\Application.csproj", "{3CA2ABC1-48AA-4FF3-8786-8592CEC955D4}"
EndProject
Project("{FAE04EC0-301F-11D3-BF4B-00C04F79EFBC}") = "Infrastructure", "Infrastructure\Infrastructure.csproj", "{DCEED043-4A3F-4312-BCC5-E55C72D9CCBF}"
EndProject
Project("{FAE04EC0-301F-11D3-BF4B-00C04F79EFBC}") = "Presentation", "Presentation\Presentation.csproj", "{B9612734-A526-44E9-985D-917D50F2FFFD}"
EndProject
Global
	GlobalSection(SolutionConfigurationPlatforms) = preSolution
		Debug|Any CPU = Debug|Any CPU
		Release|Any CPU = Release|Any CPU
	EndGlobalSection
	GlobalSection(ProjectConfigurationPlatforms) = postSolution
		{44F84AC0-52F3-411D-A321-68362A0B2D0F}.Debug|Any CPU.ActiveCfg = Debug|Any CPU
		{44F84AC0-52F3-411D-A321-68362A0B2D0F}.Debug|Any CPU.Build.0 = Debug|Any CPU
		{44F84AC0-52F3-411D-A321-68362A0B2D0F}.Release|Any CPU.ActiveCfg = Release|Any CPU
		{44F84AC0-52F3-411D-A321-68362A0B2D0F}.Release|Any CPU.Build.0 = Release|Any CPU
		{3CA2ABC1-48AA-4FF3-8786-8592CEC955D4}.Debug|Any CPU.ActiveCfg = Debug|Any CPU
		{3CA2ABC1-48AA-4FF3-8786-8592CEC955D4}.Debug|Any CPU.Build.0 = Debug|Any CPU
		{3CA2ABC1-48AA-4FF3-8786-8592CEC955D4}.Release|Any CPU.ActiveCfg = Release|Any CPU
		{3CA2ABC1-48AA-4FF3-8786-8592CEC955D4}.Release|Any CPU.Build.0 = Release|Any CPU
		{DCEED043-4A3F-4312-BCC5-E55C72D9CCBF}.Debug|Any CPU.ActiveCfg = Debug|Any CPU
		{DCEED043-4A3F-4312-BCC5-E55C72D9CCBF}.Debug|Any CPU.Build.0 = Debug|Any CPU
		{DCEED043-4A3F-4312-BCC5-E55C72D9CCBF}.Release|Any CPU.ActiveCfg = Release|Any CPU
		{DCEED043-4A3F-4312-BCC5-E55C72D9CCBF}.Release|Any CPU.Build.0 = Release|Any CPU
		{B9612734-A526-44E9-985D-917D50F2FFFD}.Debug|Any CPU.ActiveCfg = Debug|Any CPU
		{B9612734-A526-44E9-985D-917D50F2FFFD}.Debug|Any CPU.Build.0 = Debug|Any CPU
		{B9612734-A526-44E9-985D-917D50F2FFFD}.Release|Any CPU.ActiveCfg = Release|Any CPU
		{B9612734-A526-44E9-985D-917D50F2FFFD}.Release|Any CPU.Build.0 = Release|Any CPU
	EndGlobalSection
EndGlobal
